PODS:
  - 24liveblog-iOS-SDK (0.1.1):
    - DateTools (~> 2.0.0)
    - DTCoreText (~> 1.6.21)
    - Masonry (~> 1.1.0)
    - MJRefresh (~> 3.1.15.1)
    - SDCycleScrollView (>= 1.80)
    - SDWebImage (>= 5.0.0)
    - SocketRocket
    - YTKNetwork (~> 2.0.4)
    - YYModel
    - YYWebImage (~> 1.0.5)
    - ZFPlayer (~> 3.0)
    - ZFPlayer/AVPlayer (~> 3.0)
    - ZFPlayer/ControlView (~> 3.0)
  - AFNetworking (3.2.1):
    - AFNetworking/NSURLSession (= 3.2.1)
    - AFNetworking/Reachability (= 3.2.1)
    - AFNetworking/Security (= 3.2.1)
    - AFNetworking/Serialization (= 3.2.1)
    - AFNetworking/UIKit (= 3.2.1)
  - AFNetworking/NSURLSession (3.2.1):
    - AFNetworking/Reachability
    - AFNetworking/Security
    - AFNetworking/Serialization
  - AFNetworking/Reachability (3.2.1)
  - AFNetworking/Security (3.2.1)
  - AFNetworking/Serialization (3.2.1)
  - AFNetworking/UIKit (3.2.1):
    - AFNetworking/NSURLSession
  - DateTools (2.0.0)
  - DTCoreText (1.6.24):
    - DTCoreText/Core (= 1.6.24)
    - DTFoundation/Core (~> 1.7.5)
    - DTFoundation/DTAnimatedGIF (~> 1.7.5)
    - DTFoundation/DTHTMLParser (~> 1.7.5)
    - DTFoundation/UIKit (~> 1.7.5)
  - DTCoreText/Core (1.6.24):
    - DTFoundation/Core (~> 1.7.5)
    - DTFoundation/DTAnimatedGIF (~> 1.7.5)
    - DTFoundation/DTHTMLParser (~> 1.7.5)
    - DTFoundation/UIKit (~> 1.7.5)
  - DTFoundation/Core (1.7.14)
  - DTFoundation/DTAnimatedGIF (1.7.14)
  - DTFoundation/DTHTMLParser (1.7.14):
    - DTFoundation/Core
  - DTFoundation/UIKit (1.7.14):
    - DTFoundation/Core
  - Masonry (1.1.0)
  - MJRefresh (3.1.15.7)
  - SDCycleScrollView (1.80):
    - SDWebImage (>= 5.0.0)
  - SDWebImage (5.8.4):
    - SDWebImage/Core (= 5.8.4)
  - SDWebImage/Core (5.8.4)
  - SocketRocket (0.5.1)
  - YTKNetwork (2.0.4):
    - AFNetworking (~> 3.0)
  - YYCache (1.0.4)
  - YYImage (1.0.4):
    - YYImage/Core (= 1.0.4)
  - YYImage/Core (1.0.4)
  - YYModel (1.0.4)
  - YYWebImage (1.0.5):
    - YYCache
    - YYImage
  - ZFPlayer (3.3.3):
    - ZFPlayer/Core (= 3.3.3)
  - ZFPlayer/AVPlayer (3.3.3):
    - ZFPlayer/Core
  - ZFPlayer/ControlView (3.3.3):
    - ZFPlayer/Core
  - ZFPlayer/Core (3.3.3)

DEPENDENCIES:
  - 24liveblog-iOS-SDK (from `../`)

SPEC REPOS:
  trunk:
    - AFNetworking
    - DateTools
    - DTCoreText
    - DTFoundation
    - Masonry
    - MJRefresh
    - SDCycleScrollView
    - SDWebImage
    - SocketRocket
    - YTKNetwork
    - YYCache
    - YYImage
    - YYModel
    - YYWebImage
    - ZFPlayer

EXTERNAL SOURCES:
  24liveblog-iOS-SDK:
    :path: "../"

SPEC CHECKSUMS:
  24liveblog-iOS-SDK: fb5a165eb56d284b06768ff02f58c0b2938f9c98
  AFNetworking: b6f891fdfaed196b46c7a83cf209e09697b94057
  DateTools: 933ac9c490f21f92127cf690ccd8c397e0126caf
  DTCoreText: 0298d372ccc137e51f27b3ec1af65fd4af5d173a
  DTFoundation: 25aa19bb7c6e225b1dfae195604fb8cf1da0ab4c
  Masonry: 678fab65091a9290e40e2832a55e7ab731aad201
  MJRefresh: 697f8ec75ebdbe9207767bb682cf0f51b0d8a41f
  SDCycleScrollView: b3c9a5ed840c771c4938978174c7c9d9feefeb96
  SDWebImage: cf6922231e95550934da2ada0f20f2becf2ceba9
  SocketRocket: d57c7159b83c3c6655745cd15302aa24b6bae531
  YTKNetwork: df8a7a5597bda1664a4efaa7ef871a818a887fe0
  YYCache: 8105b6638f5e849296c71f331ff83891a4942952
  YYImage: 1e1b62a9997399593e4b9c4ecfbbabbf1d3f3b54
  YYModel: 2a7fdd96aaa4b86a824e26d0c517de8928c04b30
  YYWebImage: 5f7f36aee2ae293f016d418c7d6ba05c4863e928
  ZFPlayer: 1310252c253b9958e4fcd411e706b99c31834eaf

PODFILE CHECKSUM: 274f90c9195fe440a063beef76853c295d62f1e5

COCOAPODS: 1.9.3
